
Microsoft Visual Studio Solution File, Format Version 12.00
# Visual Studio 15
VisualStudioVersion = 15.0.26124.0
MinimumVisualStudioVersion = 15.0.26124.0
Project("{2150E333-8FDC-42A3-9474-1A3956D46DE8}") = "src", "src", "{D96B436E-6163-4A9E-975A-D3BCAEDED695}"
EndProject
Project("{FAE04EC0-301F-11D3-BF4B-00C04F79EFBC}") = "SimpleAPI", "src\SimpleAPI\SimpleAPI.csproj", "{77F67CC4-ADA0-4093-B168-5B23E1E82F45}"
EndProject
Project("{2150E333-8FDC-42A3-9474-1A3956D46DE8}") = "test", "test", "{BA78DBBC-505A-4960-85ED-52FD5C26181B}"
EndProject
Project("{FAE04EC0-301F-11D3-BF4B-00C04F79EFBC}") = "SimpleAPI.test", "test\SimpleAPI.Test\SimpleAPI.test.csproj", "{CCB8DBED-AF34-4756-8D7D-AFA543AD2A37}"
EndProject
Global
	GlobalSection(SolutionConfigurationPlatforms) = preSolution
		Debug|Any CPU = Debug|Any CPU
		Debug|x64 = Debug|x64
		Debug|x86 = Debug|x86
		Release|Any CPU = Release|Any CPU
		Release|x64 = Release|x64
		Release|x86 = Release|x86
	EndGlobalSection
	GlobalSection(SolutionProperties) = preSolution
		HideSolutionNode = FALSE
	EndGlobalSection
	GlobalSection(ProjectConfigurationPlatforms) = postSolution
		{77F67CC4-ADA0-4093-B168-5B23E1E82F45}.Debug|Any CPU.ActiveCfg = Debug|Any CPU
		{77F67CC4-ADA0-4093-B168-5B23E1E82F45}.Debug|Any CPU.Build.0 = Debug|Any CPU
		{77F67CC4-ADA0-4093-B168-5B23E1E82F45}.Debug|x64.ActiveCfg = Debug|Any CPU
		{77F67CC4-ADA0-4093-B168-5B23E1E82F45}.Debug|x64.Build.0 = Debug|Any CPU
		{77F67CC4-ADA0-4093-B168-5B23E1E82F45}.Debug|x86.ActiveCfg = Debug|Any CPU
		{77F67CC4-ADA0-4093-B168-5B23E1E82F45}.Debug|x86.Build.0 = Debug|Any CPU
		{77F67CC4-ADA0-4093-B168-5B23E1E82F45}.Release|Any CPU.ActiveCfg = Release|Any CPU
		{77F67CC4-ADA0-4093-B168-5B23E1E82F45}.Release|Any CPU.Build.0 = Release|Any CPU
		{77F67CC4-ADA0-4093-B168-5B23E1E82F45}.Release|x64.ActiveCfg = Release|Any CPU
		{77F67CC4-ADA0-4093-B168-5B23E1E82F45}.Release|x64.Build.0 = Release|Any CPU
		{77F67CC4-ADA0-4093-B168-5B23E1E82F45}.Release|x86.ActiveCfg = Release|Any CPU
		{77F67CC4-ADA0-4093-B168-5B23E1E82F45}.Release|x86.Build.0 = Release|Any CPU
		{CCB8DBED-AF34-4756-8D7D-AFA543AD2A37}.Debug|Any CPU.ActiveCfg = Debug|Any CPU
		{CCB8DBED-AF34-4756-8D7D-AFA543AD2A37}.Debug|Any CPU.Build.0 = Debug|Any CPU
		{CCB8DBED-AF34-4756-8D7D-AFA543AD2A37}.Debug|x64.ActiveCfg = Debug|Any CPU
		{CCB8DBED-AF34-4756-8D7D-AFA543AD2A37}.Debug|x64.Build.0 = Debug|Any CPU
		{CCB8DBED-AF34-4756-8D7D-AFA543AD2A37}.Debug|x86.ActiveCfg = Debug|Any CPU
		{CCB8DBED-AF34-4756-8D7D-AFA543AD2A37}.Debug|x86.Build.0 = Debug|Any CPU
		{CCB8DBED-AF34-4756-8D7D-AFA543AD2A37}.Release|Any CPU.ActiveCfg = Release|Any CPU
		{CCB8DBED-AF34-4756-8D7D-AFA543AD2A37}.Release|Any CPU.Build.0 = Release|Any CPU
		{CCB8DBED-AF34-4756-8D7D-AFA543AD2A37}.Release|x64.ActiveCfg = Release|Any CPU
		{CCB8DBED-AF34-4756-8D7D-AFA543AD2A37}.Release|x64.Build.0 = Release|Any CPU
		{CCB8DBED-AF34-4756-8D7D-AFA543AD2A37}.Release|x86.ActiveCfg = Release|Any CPU
		{CCB8DBED-AF34-4756-8D7D-AFA543AD2A37}.Release|x86.Build.0 = Release|Any CPU
	EndGlobalSection
	GlobalSection(NestedProjects) = preSolution
		{77F67CC4-ADA0-4093-B168-5B23E1E82F45} = {D96B436E-6163-4A9E-975A-D3BCAEDED695}
		{CCB8DBED-AF34-4756-8D7D-AFA543AD2A37} = {BA78DBBC-505A-4960-85ED-52FD5C26181B}
	EndGlobalSection
EndGlobal
